// !$*UTF8*$!
{
	archiveVersion = 1;
	classes = {
	};
	objectVersion = 46;
	objects = {

/* Begin PBXBuildFile section */
		B06432E51AD563B500F7A2C1 /* BranchIosExtension.m in Sources */ = {isa = PBXBuildFile; fileRef = B06432E41AD563B500F7A2C1 /* BranchIosExtension.m */; };
		B08FD6351B049EA600C2FA10 /* BNCEncodingUtils.m in Sources */ = {isa = PBXBuildFile; fileRef = B08FD61B1B049EA600C2FA10 /* BNCEncodingUtils.m */; };
		B08FD6361B049EA600C2FA10 /* BNCError.m in Sources */ = {isa = PBXBuildFile; fileRef = B08FD61D1B049EA600C2FA10 /* BNCError.m */; };
		B08FD6371B049EA600C2FA10 /* BNCLinkCache.m in Sources */ = {isa = PBXBuildFile; fileRef = B08FD61F1B049EA600C2FA10 /* BNCLinkCache.m */; };
		B08FD6381B049EA600C2FA10 /* BNCLinkData.m in Sources */ = {isa = PBXBuildFile; fileRef = B08FD6211B049EA600C2FA10 /* BNCLinkData.m */; };
		B08FD6391B049EA600C2FA10 /* BNCPreferenceHelper.m in Sources */ = {isa = PBXBuildFile; fileRef = B08FD6231B049EA600C2FA10 /* BNCPreferenceHelper.m */; };
		B08FD63A1B049EA600C2FA10 /* BNCServerInterface.m in Sources */ = {isa = PBXBuildFile; fileRef = B08FD6251B049EA600C2FA10 /* BNCServerInterface.m */; };
		B08FD63B1B049EA600C2FA10 /* BNCServerRequest.m in Sources */ = {isa = PBXBuildFile; fileRef = B08FD6271B049EA600C2FA10 /* BNCServerRequest.m */; };
		B08FD63C1B049EA600C2FA10 /* BNCServerRequestQueue.m in Sources */ = {isa = PBXBuildFile; fileRef = B08FD6291B049EA600C2FA10 /* BNCServerRequestQueue.m */; };
		B08FD63D1B049EA600C2FA10 /* BNCServerResponse.m in Sources */ = {isa = PBXBuildFile; fileRef = B08FD62B1B049EA600C2FA10 /* BNCServerResponse.m */; };
		B08FD63E1B049EA600C2FA10 /* BNCSystemObserver.m in Sources */ = {isa = PBXBuildFile; fileRef = B08FD62D1B049EA600C2FA10 /* BNCSystemObserver.m */; };
		B08FD63F1B049EA600C2FA10 /* Branch.m in Sources */ = {isa = PBXBuildFile; fileRef = B08FD6301B049EA600C2FA10 /* Branch.m */; };
		B08FD6401B049EA600C2FA10 /* BranchActivityItemProvider.m in Sources */ = {isa = PBXBuildFile; fileRef = B08FD6321B049EA600C2FA10 /* BranchActivityItemProvider.m */; };
		B08FD6411B049EA600C2FA10 /* BranchServerInterface.m in Sources */ = {isa = PBXBuildFile; fileRef = B08FD6341B049EA600C2FA10 /* BranchServerInterface.m */; };
		B09BCCC61ADC072500390FE5 /* CoreTelephony.framework in Frameworks */ = {isa = PBXBuildFile; fileRef = B09BCCC11ADC06B000390FE5 /* CoreTelephony.framework */; };
		B09BCCCB1ADC092B00390FE5 /* TypeConversion.m in Sources */ = {isa = PBXBuildFile; fileRef = B09BCCCA1ADC092B00390FE5 /* TypeConversion.m */; };
		B09BCCCE1ADC09D600390FE5 /* BranchHelpers.m in Sources */ = {isa = PBXBuildFile; fileRef = B09BCCCD1ADC09D600390FE5 /* BranchHelpers.m */; };
/* End PBXBuildFile section */

/* Begin PBXCopyFilesBuildPhase section */
		B06432DD1AD563B500F7A2C1 /* CopyFiles */ = {
			isa = PBXCopyFilesBuildPhase;
			buildActionMask = 2147483647;
			dstPath = "include/$(PRODUCT_NAME)";
			dstSubfolderSpec = 16;
			files = (
			);
			runOnlyForDeploymentPostprocessing = 0;
		};
/* End PBXCopyFilesBuildPhase section */

/* Begin PBXFileReference section */
		B06432DF1AD563B500F7A2C1 /* libBranchIosExtension.a */ = {isa = PBXFileReference; explicitFileType = archive.ar; includeInIndex = 0; path = libBranchIosExtension.a; sourceTree = BUILT_PRODUCTS_DIR; };
		B06432E41AD563B500F7A2C1 /* BranchIosExtension.m */ = {isa = PBXFileReference; lastKnownFileType = sourcecode.c.objc; path = BranchIosExtension.m; sourceTree = "<group>"; };
		B06432F91AD5648400F7A2C1 /* FlashRuntimeExtensions.h */ = {isa = PBXFileReference; fileEncoding = 4; lastKnownFileType = sourcecode.c.h; path = FlashRuntimeExtensions.h; sourceTree = "<group>"; };
		B08FD6191B049EA600C2FA10 /* BNCConfig.h */ = {isa = PBXFileReference; fileEncoding = 4; lastKnownFileType = sourcecode.c.h; path = BNCConfig.h; sourceTree = "<group>"; };
		B08FD61A1B049EA600C2FA10 /* BNCEncodingUtils.h */ = {isa = PBXFileReference; fileEncoding = 4; lastKnownFileType = sourcecode.c.h; path = BNCEncodingUtils.h; sourceTree = "<group>"; };
		B08FD61B1B049EA600C2FA10 /* BNCEncodingUtils.m */ = {isa = PBXFileReference; fileEncoding = 4; lastKnownFileType = sourcecode.c.objc; path = BNCEncodingUtils.m; sourceTree = "<group>"; };
		B08FD61C1B049EA600C2FA10 /* BNCError.h */ = {isa = PBXFileReference; fileEncoding = 4; lastKnownFileType = sourcecode.c.h; path = BNCError.h; sourceTree = "<group>"; };
		B08FD61D1B049EA600C2FA10 /* BNCError.m */ = {isa = PBXFileReference; fileEncoding = 4; lastKnownFileType = sourcecode.c.objc; path = BNCError.m; sourceTree = "<group>"; };
		B08FD61E1B049EA600C2FA10 /* BNCLinkCache.h */ = {isa = PBXFileReference; fileEncoding = 4; lastKnownFileType = sourcecode.c.h; path = BNCLinkCache.h; sourceTree = "<group>"; };
		B08FD61F1B049EA600C2FA10 /* BNCLinkCache.m */ = {isa = PBXFileReference; fileEncoding = 4; lastKnownFileType = sourcecode.c.objc; path = BNCLinkCache.m; sourceTree = "<group>"; };
		B08FD6201B049EA600C2FA10 /* BNCLinkData.h */ = {isa = PBXFileReference; fileEncoding = 4; lastKnownFileType = sourcecode.c.h; path = BNCLinkData.h; sourceTree = "<group>"; };
		B08FD6211B049EA600C2FA10 /* BNCLinkData.m */ = {isa = PBXFileReference; fileEncoding = 4; lastKnownFileType = sourcecode.c.objc; path = BNCLinkData.m; sourceTree = "<group>"; };
		B08FD6221B049EA600C2FA10 /* BNCPreferenceHelper.h */ = {isa = PBXFileReference; fileEncoding = 4; lastKnownFileType = sourcecode.c.h; path = BNCPreferenceHelper.h; sourceTree = "<group>"; };
		B08FD6231B049EA600C2FA10 /* BNCPreferenceHelper.m */ = {isa = PBXFileReference; fileEncoding = 4; lastKnownFileType = sourcecode.c.objc; path = BNCPreferenceHelper.m; sourceTree = "<group>"; };
		B08FD6241B049EA600C2FA10 /* BNCServerInterface.h */ = {isa = PBXFileReference; fileEncoding = 4; lastKnownFileType = sourcecode.c.h; path = BNCServerInterface.h; sourceTree = "<group>"; };
		B08FD6251B049EA600C2FA10 /* BNCServerInterface.m */ = {isa = PBXFileReference; fileEncoding = 4; lastKnownFileType = sourcecode.c.objc; path = BNCServerInterface.m; sourceTree = "<group>"; };
		B08FD6261B049EA600C2FA10 /* BNCServerRequest.h */ = {isa = PBXFileReference; fileEncoding = 4; lastKnownFileType = sourcecode.c.h; path = BNCServerRequest.h; sourceTree = "<group>"; };
		B08FD6271B049EA600C2FA10 /* BNCServerRequest.m */ = {isa = PBXFileReference; fileEncoding = 4; lastKnownFileType = sourcecode.c.objc; path = BNCServerRequest.m; sourceTree = "<group>"; };
		B08FD6281B049EA600C2FA10 /* BNCServerRequestQueue.h */ = {isa = PBXFileReference; fileEncoding = 4; lastKnownFileType = sourcecode.c.h; path = BNCServerRequestQueue.h; sourceTree = "<group>"; };
		B08FD6291B049EA600C2FA10 /* BNCServerRequestQueue.m */ = {isa = PBXFileReference; fileEncoding = 4; lastKnownFileType = sourcecode.c.objc; path = BNCServerRequestQueue.m; sourceTree = "<group>"; };
		B08FD62A1B049EA600C2FA10 /* BNCServerResponse.h */ = {isa = PBXFileReference; fileEncoding = 4; lastKnownFileType = sourcecode.c.h; path = BNCServerResponse.h; sourceTree = "<group>"; };
		B08FD62B1B049EA600C2FA10 /* BNCServerResponse.m */ = {isa = PBXFileReference; fileEncoding = 4; lastKnownFileType = sourcecode.c.objc; path = BNCServerResponse.m; sourceTree = "<group>"; };
		B08FD62C1B049EA600C2FA10 /* BNCSystemObserver.h */ = {isa = PBXFileReference; fileEncoding = 4; lastKnownFileType = sourcecode.c.h; path = BNCSystemObserver.h; sourceTree = "<group>"; };
		B08FD62D1B049EA600C2FA10 /* BNCSystemObserver.m */ = {isa = PBXFileReference; fileEncoding = 4; lastKnownFileType = sourcecode.c.objc; path = BNCSystemObserver.m; sourceTree = "<group>"; };
		B08FD62E1B049EA600C2FA10 /* Branch-SDK-Prefix.pch */ = {isa = PBXFileReference; fileEncoding = 4; lastKnownFileType = sourcecode.c.h; path = "Branch-SDK-Prefix.pch"; sourceTree = "<group>"; };
		B08FD62F1B049EA600C2FA10 /* Branch.h */ = {isa = PBXFileReference; fileEncoding = 4; lastKnownFileType = sourcecode.c.h; path = Branch.h; sourceTree = "<group>"; };
		B08FD6301B049EA600C2FA10 /* Branch.m */ = {isa = PBXFileReference; fileEncoding = 4; lastKnownFileType = sourcecode.c.objc; path = Branch.m; sourceTree = "<group>"; };
		B08FD6311B049EA600C2FA10 /* BranchActivityItemProvider.h */ = {isa = PBXFileReference; fileEncoding = 4; lastKnownFileType = sourcecode.c.h; path = BranchActivityItemProvider.h; sourceTree = "<group>"; };
		B08FD6321B049EA600C2FA10 /* BranchActivityItemProvider.m */ = {isa = PBXFileReference; fileEncoding = 4; lastKnownFileType = sourcecode.c.objc; path = BranchActivityItemProvider.m; sourceTree = "<group>"; };
		B08FD6331B049EA600C2FA10 /* BranchServerInterface.h */ = {isa = PBXFileReference; fileEncoding = 4; lastKnownFileType = sourcecode.c.h; path = BranchServerInterface.h; sourceTree = "<group>"; };
		B08FD6341B049EA600C2FA10 /* BranchServerInterface.m */ = {isa = PBXFileReference; fileEncoding = 4; lastKnownFileType = sourcecode.c.objc; path = BranchServerInterface.m; sourceTree = "<group>"; };
		B09BCCC11ADC06B000390FE5 /* CoreTelephony.framework */ = {isa = PBXFileReference; lastKnownFileType = wrapper.framework; name = CoreTelephony.framework; path = System/Library/Frameworks/CoreTelephony.framework; sourceTree = SDKROOT; };
		B09BCCC91ADC092B00390FE5 /* TypeConversion.h */ = {isa = PBXFileReference; fileEncoding = 4; lastKnownFileType = sourcecode.c.h; path = TypeConversion.h; sourceTree = "<group>"; };
		B09BCCCA1ADC092B00390FE5 /* TypeConversion.m */ = {isa = PBXFileReference; fileEncoding = 4; lastKnownFileType = sourcecode.c.objc; path = TypeConversion.m; sourceTree = "<group>"; };
		B09BCCCC1ADC09D600390FE5 /* BranchHelpers.h */ = {isa = PBXFileReference; fileEncoding = 4; lastKnownFileType = sourcecode.c.h; path = BranchHelpers.h; sourceTree = "<group>"; };
		B09BCCCD1ADC09D600390FE5 /* BranchHelpers.m */ = {isa = PBXFileReference; fileEncoding = 4; lastKnownFileType = sourcecode.c.objc; path = BranchHelpers.m; sourceTree = "<group>"; };
/* End PBXFileReference section */

/* Begin PBXFrameworksBuildPhase section */
		B06432DC1AD563B500F7A2C1 /* Frameworks */ = {
			isa = PBXFrameworksBuildPhase;
			buildActionMask = 2147483647;
			files = (
				B09BCCC61ADC072500390FE5 /* CoreTelephony.framework in Frameworks */,
			);
			runOnlyForDeploymentPostprocessing = 0;
		};
/* End PBXFrameworksBuildPhase section */

/* Begin PBXGroup section */
		B06432D61AD563B500F7A2C1 = {
			isa = PBXGroup;
			children = (
				B06432E11AD563B500F7A2C1 /* BranchIosExtension */,
				B09BCCC51ADC06FA00390FE5 /* Frameworks */,
				B06432E01AD563B500F7A2C1 /* Products */,
			);
			sourceTree = "<group>";
		};
		B06432E01AD563B500F7A2C1 /* Products */ = {
			isa = PBXGroup;
			children = (
				B06432DF1AD563B500F7A2C1 /* libBranchIosExtension.a */,
			);
			name = Products;
			sourceTree = "<group>";
		};
		B06432E11AD563B500F7A2C1 /* BranchIosExtension */ = {
			isa = PBXGroup;
			children = (
				B08FD6181B049EA600C2FA10 /* Branch-SDK */,
				B06432F91AD5648400F7A2C1 /* FlashRuntimeExtensions.h */,
				B09BCCC91ADC092B00390FE5 /* TypeConversion.h */,
				B09BCCCA1ADC092B00390FE5 /* TypeConversion.m */,
				B06432E41AD563B500F7A2C1 /* BranchIosExtension.m */,
				B09BCCCC1ADC09D600390FE5 /* BranchHelpers.h */,
				B09BCCCD1ADC09D600390FE5 /* BranchHelpers.m */,
			);
			path = BranchIosExtension;
			sourceTree = "<group>";
		};
		B08FD6181B049EA600C2FA10 /* Branch-SDK */ = {
			isa = PBXGroup;
			children = (
				B08FD6191B049EA600C2FA10 /* BNCConfig.h */,
				B08FD61A1B049EA600C2FA10 /* BNCEncodingUtils.h */,
				B08FD61B1B049EA600C2FA10 /* BNCEncodingUtils.m */,
				B08FD61C1B049EA600C2FA10 /* BNCError.h */,
				B08FD61D1B049EA600C2FA10 /* BNCError.m */,
				B08FD61E1B049EA600C2FA10 /* BNCLinkCache.h */,
				B08FD61F1B049EA600C2FA10 /* BNCLinkCache.m */,
				B08FD6201B049EA600C2FA10 /* BNCLinkData.h */,
				B08FD6211B049EA600C2FA10 /* BNCLinkData.m */,
				B08FD6221B049EA600C2FA10 /* BNCPreferenceHelper.h */,
				B08FD6231B049EA600C2FA10 /* BNCPreferenceHelper.m */,
				B08FD6241B049EA600C2FA10 /* BNCServerInterface.h */,
				B08FD6251B049EA600C2FA10 /* BNCServerInterface.m */,
				B08FD6261B049EA600C2FA10 /* BNCServerRequest.h */,
				B08FD6271B049EA600C2FA10 /* BNCServerRequest.m */,
				B08FD6281B049EA600C2FA10 /* BNCServerRequestQueue.h */,
				B08FD6291B049EA600C2FA10 /* BNCServerRequestQueue.m */,
				B08FD62A1B049EA600C2FA10 /* BNCServerResponse.h */,
				B08FD62B1B049EA600C2FA10 /* BNCServerResponse.m */,
				B08FD62C1B049EA600C2FA10 /* BNCSystemObserver.h */,
				B08FD62D1B049EA600C2FA10 /* BNCSystemObserver.m */,
				B08FD62E1B049EA600C2FA10 /* Branch-SDK-Prefix.pch */,
				B08FD62F1B049EA600C2FA10 /* Branch.h */,
				B08FD6301B049EA600C2FA10 /* Branch.m */,
				B08FD6311B049EA600C2FA10 /* BranchActivityItemProvider.h */,
				B08FD6321B049EA600C2FA10 /* BranchActivityItemProvider.m */,
				B08FD6331B049EA600C2FA10 /* BranchServerInterface.h */,
				B08FD6341B049EA600C2FA10 /* BranchServerInterface.m */,
			);
			path = "Branch-SDK";
			sourceTree = "<group>";
		};
		B09BCCC51ADC06FA00390FE5 /* Frameworks */ = {
			isa = PBXGroup;
			children = (
				B09BCCC11ADC06B000390FE5 /* CoreTelephony.framework */,
			);
			name = Frameworks;
			sourceTree = "<group>";
		};
/* End PBXGroup section */

/* Begin PBXNativeTarget section */
		B06432DE1AD563B500F7A2C1 /* BranchIosExtension */ = {
			isa = PBXNativeTarget;
			buildConfigurationList = B06432F31AD563B500F7A2C1 /* Build configuration list for PBXNativeTarget "BranchIosExtension" */;
			buildPhases = (
				B06432DB1AD563B500F7A2C1 /* Sources */,
				B06432DC1AD563B500F7A2C1 /* Frameworks */,
				B06432DD1AD563B500F7A2C1 /* CopyFiles */,
			);
			buildRules = (
			);
			dependencies = (
			);
			name = BranchIosExtension;
			productName = BranchIosExtension;
			productReference = B06432DF1AD563B500F7A2C1 /* libBranchIosExtension.a */;
			productType = "com.apple.product-type.library.static";
		};
/* End PBXNativeTarget section */

/* Begin PBXProject section */
		B06432D71AD563B500F7A2C1 /* Project object */ = {
			isa = PBXProject;
			attributes = {
				LastUpgradeCheck = 0620;
				ORGANIZATIONNAME = "Pawprint Labs";
				TargetAttributes = {
					B06432DE1AD563B500F7A2C1 = {
						CreatedOnToolsVersion = 6.2;
					};
				};
			};
			buildConfigurationList = B06432DA1AD563B500F7A2C1 /* Build configuration list for PBXProject "BranchIosExtension" */;
			compatibilityVersion = "Xcode 3.2";
			developmentRegion = English;
			hasScannedForEncodings = 0;
			knownRegions = (
				en,
			);
			mainGroup = B06432D61AD563B500F7A2C1;
			productRefGroup = B06432E01AD563B500F7A2C1 /* Products */;
			projectDirPath = "";
			projectRoot = "";
			targets = (
				B06432DE1AD563B500F7A2C1 /* BranchIosExtension */,
			);
		};
/* End PBXProject section */

/* Begin PBXSourcesBuildPhase section */
		B06432DB1AD563B500F7A2C1 /* Sources */ = {
			isa = PBXSourcesBuildPhase;
			buildActionMask = 2147483647;
			files = (
				B08FD6381B049EA600C2FA10 /* BNCLinkData.m in Sources */,
				B08FD6351B049EA600C2FA10 /* BNCEncodingUtils.m in Sources */,
				B08FD6391B049EA600C2FA10 /* BNCPreferenceHelper.m in Sources */,
				B08FD63A1B049EA600C2FA10 /* BNCServerInterface.m in Sources */,
				B08FD63B1B049EA600C2FA10 /* BNCServerRequest.m in Sources */,
				B08FD63E1B049EA600C2FA10 /* BNCSystemObserver.m in Sources */,
				B08FD63C1B049EA600C2FA10 /* BNCServerRequestQueue.m in Sources */,
				B08FD63F1B049EA600C2FA10 /* Branch.m in Sources */,
				B08FD6411B049EA600C2FA10 /* BranchServerInterface.m in Sources */,
				B08FD6361B049EA600C2FA10 /* BNCError.m in Sources */,
				B08FD63D1B049EA600C2FA10 /* BNCServerResponse.m in Sources */,
				B06432E51AD563B500F7A2C1 /* BranchIosExtension.m in Sources */,
				B09BCCCB1ADC092B00390FE5 /* TypeConversion.m in Sources */,
				B08FD6401B049EA600C2FA10 /* BranchActivityItemProvider.m in Sources */,
				B08FD6371B049EA600C2FA10 /* BNCLinkCache.m in Sources */,
				B09BCCCE1ADC09D600390FE5 /* BranchHelpers.m in Sources */,
			);
			runOnlyForDeploymentPostprocessing = 0;
		};
/* End PBXSourcesBuildPhase section */

/* Begin XCBuildConfiguration section */
		B06432F11AD563B500F7A2C1 /* Debug */ = {
			isa = XCBuildConfiguration;
			buildSettings = {
				ALWAYS_SEARCH_USER_PATHS = NO;
				CLANG_CXX_LANGUAGE_STANDARD = "gnu++0x";
				CLANG_CXX_LIBRARY = "libc++";
				CLANG_ENABLE_MODULES = YES;
				CLANG_ENABLE_OBJC_ARC = YES;
				CLANG_WARN_BOOL_CONVERSION = YES;
				CLANG_WARN_CONSTANT_CONVERSION = YES;
				CLANG_WARN_DIRECT_OBJC_ISA_USAGE = YES_ERROR;
				CLANG_WARN_EMPTY_BODY = YES;
				CLANG_WARN_ENUM_CONVERSION = YES;
				CLANG_WARN_INT_CONVERSION = YES;
				CLANG_WARN_OBJC_ROOT_CLASS = YES_ERROR;
				CLANG_WARN_UNREACHABLE_CODE = YES;
				CLANG_WARN__DUPLICATE_METHOD_MATCH = YES;
				COPY_PHASE_STRIP = NO;
				ENABLE_STRICT_OBJC_MSGSEND = YES;
				GCC_C_LANGUAGE_STANDARD = gnu99;
				GCC_DYNAMIC_NO_PIC = NO;
				GCC_OPTIMIZATION_LEVEL = 0;
				GCC_PREPROCESSOR_DEFINITIONS = (
					"DEBUG=1",
					"$(inherited)",
				);
				GCC_SYMBOLS_PRIVATE_EXTERN = NO;
				GCC_WARN_64_TO_32_BIT_CONVERSION = YES;
				GCC_WARN_ABOUT_RETURN_TYPE = YES_ERROR;
				GCC_WARN_UNDECLARED_SELECTOR = YES;
				GCC_WARN_UNINITIALIZED_AUTOS = YES_AGGRESSIVE;
				GCC_WARN_UNUSED_FUNCTION = YES;
				GCC_WARN_UNUSED_VARIABLE = YES;
				IPHONEOS_DEPLOYMENT_TARGET = 8.2;
				MTL_ENABLE_DEBUG_INFO = YES;
				ONLY_ACTIVE_ARCH = YES;
				SDKROOT = iphoneos;
			};
			name = Debug;
		};
		B06432F21AD563B500F7A2C1 /* Release */ = {
			isa = XCBuildConfiguration;
			buildSettings = {
				ALWAYS_SEARCH_USER_PATHS = NO;
				CLANG_CXX_LANGUAGE_STANDARD = "gnu++0x";
				CLANG_CXX_LIBRARY = "libc++";
				CLANG_ENABLE_MODULES = YES;
				CLANG_ENABLE_OBJC_ARC = YES;
				CLANG_WARN_BOOL_CONVERSION = YES;
				CLANG_WARN_CONSTANT_CONVERSION = YES;
				CLANG_WARN_DIRECT_OBJC_ISA_USAGE = YES_ERROR;
				CLANG_WARN_EMPTY_BODY = YES;
				CLANG_WARN_ENUM_CONVERSION = YES;
				CLANG_WARN_INT_CONVERSION = YES;
				CLANG_WARN_OBJC_ROOT_CLASS = YES_ERROR;
				CLANG_WARN_UNREACHABLE_CODE = YES;
				CLANG_WARN__DUPLICATE_METHOD_MATCH = YES;
				COPY_PHASE_STRIP = NO;
				ENABLE_NS_ASSERTIONS = NO;
				ENABLE_STRICT_OBJC_MSGSEND = YES;
				GCC_C_LANGUAGE_STANDARD = gnu99;
				GCC_WARN_64_TO_32_BIT_CONVERSION = YES;
				GCC_WARN_ABOUT_RETURN_TYPE = YES_ERROR;
				GCC_WARN_UNDECLARED_SELECTOR = YES;
				GCC_WARN_UNINITIALIZED_AUTOS = YES_AGGRESSIVE;
				GCC_WARN_UNUSED_FUNCTION = YES;
				GCC_WARN_UNUSED_VARIABLE = YES;
				IPHONEOS_DEPLOYMENT_TARGET = 8.2;
				MTL_ENABLE_DEBUG_INFO = NO;
				SDKROOT = iphoneos;
				VALIDATE_PRODUCT = YES;
			};
			name = Release;
		};
		B06432F41AD563B500F7A2C1 /* Debug */ = {
			isa = XCBuildConfiguration;
			buildSettings = {
				FRAMEWORK_SEARCH_PATHS = (
					"$(inherited)",
					"$(PROJECT_DIR)/BranchIosExtension",
					"$(PROJECT_DIR)",
				);
				OTHER_LDFLAGS = "-ObjC";
				PRODUCT_NAME = "$(TARGET_NAME)";
				SKIP_INSTALL = YES;
			};
			name = Debug;
		};
		B06432F51AD563B500F7A2C1 /* Release */ = {
			isa = XCBuildConfiguration;
			buildSettings = {
				FRAMEWORK_SEARCH_PATHS = (
					"$(inherited)",
					"$(PROJECT_DIR)/BranchIosExtension",
					"$(PROJECT_DIR)",
				);
				OTHER_LDFLAGS = "-ObjC";
				PRODUCT_NAME = "$(TARGET_NAME)";
				SKIP_INSTALL = YES;
			};
			name = Release;
		};
/* End XCBuildConfiguration section */

/* Begin XCConfigurationList section */
		B06432DA1AD563B500F7A2C1 /* Build configuration list for PBXProject "BranchIosExtension" */ = {
			isa = XCConfigurationList;
			buildConfigurations = (
				B06432F11AD563B500F7A2C1 /* Debug */,
				B06432F21AD563B500F7A2C1 /* Release */,
			);
			defaultConfigurationIsVisible = 0;
			defaultConfigurationName = Release;
		};
		B06432F31AD563B500F7A2C1 /* Build configuration list for PBXNativeTarget "BranchIosExtension" */ = {
			isa = XCConfigurationList;
			buildConfigurations = (
				B06432F41AD563B500F7A2C1 /* Debug */,
				B06432F51AD563B500F7A2C1 /* Release */,
			);
			defaultConfigurationIsVisible = 0;
			defaultConfigurationName = Release;
		};
/* End XCConfigurationList section */
	};
	rootObject = B06432D71AD563B500F7A2C1 /* Project object */;
}
